{
  "lockfileVersion": 3,
  "name": "@outfitter/blz",
  "packages": {
    "": {
      "bin": {
        "blz": "npm/blz"
      },
      "cpu": [
        "x64",
        "arm64"
      ],
      "engines": {
        "node": ">=18.0.0"
      },
      "hasInstallScript": true,
      "license": "MIT",
      "name": "@outfitter/blz",
      "os": [
        "darwin",
        "linux",
        "win32"
      ],
      "version": "2.1.0-beta.1"
    }
  },
  "requires": true,
  "version": "2.1.0-beta.1"
}
